
Microsoft Visual Studio Solution File, Format Version 12.00
# Visual Studio 15
VisualStudioVersion = 15.0.27130.2024
MinimumVisualStudioVersion = 10.0.40219.1
Project("{8BC9CEB8-8B4A-11D0-8D11-00A0C91BC942}") = "ServerTCP", "ServerTCP\ServerTCP.vcxproj", "{CCE28494-5E5C-4596-954B-5EA79FC309F0}"
EndProject
Project("{8BC9CEB8-8B4A-11D0-8D11-00A0C91BC942}") = "ClientTCP", "ClientTCP\ClientTCP.vcxproj", "{A556BE97-529E-4170-B99E-3CCF76AE829F}"
EndProject
Global
	GlobalSection(SolutionConfigurationPlatforms) = preSolution
		Debug|x64 = Debug|x64
		Debug|x86 = Debug|x86
		Release|x64 = Release|x64
		Release|x86 = Release|x86
	EndGlobalSection
	GlobalSection(ProjectConfigurationPlatforms) = postSolution
		{CCE28494-5E5C-4596-954B-5EA79FC309F0}.Debug|x64.ActiveCfg = Debug|x64
		{CCE28494-5E5C-4596-954B-5EA79FC309F0}.Debug|x64.Build.0 = Debug|x64
		{CCE28494-5E5C-4596-954B-5EA79FC309F0}.Debug|x86.ActiveCfg = Debug|Win32
		{CCE28494-5E5C-4596-954B-5EA79FC309F0}.Debug|x86.Build.0 = Debug|Win32
		{CCE28494-5E5C-4596-954B-5EA79FC309F0}.Release|x64.ActiveCfg = Release|x64
		{CCE28494-5E5C-4596-954B-5EA79FC309F0}.Release|x64.Build.0 = Release|x64
		{CCE28494-5E5C-4596-954B-5EA79FC309F0}.Release|x86.ActiveCfg = Release|Win32
		{CCE28494-5E5C-4596-954B-5EA79FC309F0}.Release|x86.Build.0 = Release|Win32
		{A556BE97-529E-4170-B99E-3CCF76AE829F}.Debug|x64.ActiveCfg = Debug|x64
		{A556BE97-529E-4170-B99E-3CCF76AE829F}.Debug|x64.Build.0 = Debug|x64
		{A556BE97-529E-4170-B99E-3CCF76AE829F}.Debug|x86.ActiveCfg = Debug|Win32
		{A556BE97-529E-4170-B99E-3CCF76AE829F}.Debug|x86.Build.0 = Debug|Win32
		{A556BE97-529E-4170-B99E-3CCF76AE829F}.Release|x64.ActiveCfg = Release|x64
		{A556BE97-529E-4170-B99E-3CCF76AE829F}.Release|x64.Build.0 = Release|x64
		{A556BE97-529E-4170-B99E-3CCF76AE829F}.Release|x86.ActiveCfg = Release|Win32
		{A556BE97-529E-4170-B99E-3CCF76AE829F}.Release|x86.Build.0 = Release|Win32
	EndGlobalSection
	GlobalSection(SolutionProperties) = preSolution
		HideSolutionNode = FALSE
	EndGlobalSection
	GlobalSection(ExtensibilityGlobals) = postSolution
		SolutionGuid = {7F33EDB2-88AA-4FA5-9CEE-BDEAB07C6E6A}
	EndGlobalSection
EndGlobal
